# This file is automatically @generated by tinymist.
# It is not intended for manual editing.
version = "0.1.0-beta0"

[[document]]
id = "file:cuadernos/Arquitectura/Arquitectura/Arq-Arquitectura.typ"
inputs = []
main = "file:cuadernos/Arquitectura/Arquitectura/Arq-Arquitectura.typ"
root = "file:."
system-fonts = true

[[document]]
id = "file:cuadernos/Biologia/Biofisica/Bio-Biofisica.typ"
inputs = []
main = "file:cuadernos/Biologia/Biofisica/Bio-Biofisica.typ"
root = "file:."
system-fonts = true

[[document]]
id = "file:cuadernos/Biologia/Biologia_Celular_Molecular/Bio-Biologia_Celular_Molecular.typ"
inputs = []
main = "file:cuadernos/Biologia/Biologia_Celular_Molecular/Bio-Biologia_Celular_Molecular.typ"
root = "file:."
system-fonts = true

[[document]]
id = "file:cuadernos/Biologia/Microbiologia/Bio-Microbiologia.typ"
inputs = []
main = "file:cuadernos/Biologia/Microbiologia/Bio-Microbiologia.typ"
root = "file:."
system-fonts = true

[[document]]
id = "file:cuadernos/Biologia/Neurociencia/Bio-Neurociencia.typ"
inputs = []
main = "file:cuadernos/Biologia/Neurociencia/Bio-Neurociencia.typ"
root = "file:."
system-fonts = true

[[document]]
id = "file:cuadernos/Biologia/Virologia/Bio-Virologia.typ"
inputs = []
main = "file:cuadernos/Biologia/Virologia/Bio-Virologia.typ"
root = "file:."
system-fonts = true

[[document]]
id = "file:cuadernos/Economia/Econofisica/E-Econofisica.typ"
inputs = []
main = "file:cuadernos/Economia/Econofisica/E-Econofisica.typ"
root = "file:."
system-fonts = true

[[document]]
id = "file:cuadernos/Economia/Planificacion/E-Planificacion.typ"
inputs = []
main = "file:cuadernos/Economia/Planificacion/E-Planificacion.typ"
root = "file:."
system-fonts = true

[[document]]
id = "file:cuadernos/Filosofia/Ciencia/Fil-Ciencia.typ"
inputs = []
main = "file:cuadernos/Filosofia/Ciencia/Fil-Ciencia.typ"
root = "file:."
system-fonts = true

[[document]]
id = "file:cuadernos/Filosofia/Etica/Fil-Etica.typ"
inputs = []
main = "file:cuadernos/Filosofia/Etica/Fil-Etica.typ"
root = "file:."
system-fonts = true

[[document]]
id = "file:cuadernos/Filosofia/Politica/Fil-Politica.typ"
inputs = []
main = "file:cuadernos/Filosofia/Politica/Fil-Politica.typ"
root = "file:."
system-fonts = true

[[document]]
id = "file:cuadernos/Filosofia/Teologia/Fil-Teologia.typ"
inputs = []
main = "file:cuadernos/Filosofia/Teologia/Fil-Teologia.typ"
root = "file:."
system-fonts = true

[[document]]
id = "file:cuadernos/Fisica/Astrofisica/Fis-Astrofisica.typ"
inputs = []
main = "file:cuadernos/Fisica/Astrofisica/Fis-Astrofisica.typ"
root = "file:."
system-fonts = true

[[document]]
id = "file:cuadernos/Fisica/Atomica_Molecular/Fis-Atomica.typ"
inputs = []
main = "file:cuadernos/Fisica/Atomica_Molecular/Fis-Atomica.typ"
root = "file:."
system-fonts = true

[[document]]
id = "file:cuadernos/Fisica/Detectores_Particulas/Fis-DetectoresParticulas.typ"
inputs = []
main = "file:cuadernos/Fisica/Detectores_Particulas/Fis-DetectoresParticulas.typ"
root = "file:."
system-fonts = true

[[document]]
id = "file:cuadernos/Fisica/Electrodinamica/Fis-Electrodinamica.typ"
inputs = []
main = "file:cuadernos/Fisica/Electrodinamica/Fis-Electrodinamica.typ"
root = "file:."
system-fonts = true

[[document]]
id = "file:cuadernos/Fisica/Estado_Solido/Fis-Estado_Solido.typ"
inputs = []
main = "file:cuadernos/Fisica/Estado_Solido/Fis-Estado_Solido.typ"
root = "file:."
system-fonts = true

[[document]]
id = "file:cuadernos/Fisica/Fisica_Cuantica/Fis-Cuantica.typ"
inputs = []
main = "file:cuadernos/Fisica/Fisica_Cuantica/Fis-Cuantica.typ"
root = "file:."
system-fonts = true

[[document]]
id = "file:cuadernos/Fisica/Fisica_Fluidos/Fis-Fluidos.typ"
inputs = []
main = "file:cuadernos/Fisica/Fisica_Fluidos/Fis-Fluidos.typ"
root = "file:."
system-fonts = true

[[document]]
id = "file:cuadernos/Fisica/Fisica_Medica/Fis-Fisica_Medica.typ"
inputs = []
main = "file:cuadernos/Fisica/Fisica_Medica/Fis-Fisica_Medica.typ"
root = "file:."
system-fonts = true

[[document]]
id = "file:cuadernos/Fisica/Fisica_Nuclear/Fis-Nuclear.typ"
inputs = []
main = "file:cuadernos/Fisica/Fisica_Nuclear/Fis-Nuclear.typ"
root = "file:."
system-fonts = true

[[document]]
id = "file:cuadernos/Fisica/Fisica_Particulas/Fis-Fisica_Particulas.typ"
inputs = []
main = "file:cuadernos/Fisica/Fisica_Particulas/Fis-Fisica_Particulas.typ"
root = "file:."
system-fonts = true

[[document]]
id = "file:cuadernos/Fisica/Fisica_Plasma/Fis-FisicaPlasma.typ"
inputs = []
main = "file:cuadernos/Fisica/Fisica_Plasma/Fis-FisicaPlasma.typ"
root = "file:."
system-fonts = true

[[document]]
id = "file:cuadernos/Fisica/Gravitacion/Fis-Gravitacion.typ"
inputs = []
main = "file:cuadernos/Fisica/Gravitacion/Fis-Gravitacion.typ"
root = "file:."
system-fonts = true

[[document]]
id = "file:cuadernos/Fisica/Laser/Fis-Laser.typ"
inputs = []
main = "file:cuadernos/Fisica/Laser/Fis-Laser.typ"
root = "file:."
system-fonts = true

[[document]]
id = "file:cuadernos/Fisica/Mecanica_Clasica/Fis-Mecanica_Clasica.typ"
inputs = []
main = "file:cuadernos/Fisica/Mecanica_Clasica/Fis-Mecanica_Clasica.typ"
root = "file:."
system-fonts = true

[[document]]
id = "file:cuadernos/Fisica/Optica/Fis-Optica.typ"
inputs = []
main = "file:cuadernos/Fisica/Optica/Fis-Optica.typ"
root = "file:."
system-fonts = true

[[document]]
id = "file:cuadernos/Fisica/Semiconductores/Fis-Semiconductores.typ"
inputs = []
main = "file:cuadernos/Fisica/Semiconductores/Fis-Semiconductores.typ"
root = "file:."
system-fonts = true

[[document]]
id = "file:cuadernos/Fisica/Termodinamica/Fis-Termodinamica.typ"
inputs = []
main = "file:cuadernos/Fisica/Termodinamica/Fis-Termodinamica.typ"
root = "file:."
system-fonts = true

[[document]]
id = "file:cuadernos/Geografia/Geografia/Geo-Geografia.typ"
inputs = []
main = "file:cuadernos/Geografia/Geografia/Geo-Geografia.typ"
root = "file:."
system-fonts = true

[[document]]
id = "file:cuadernos/Historia/China/H-China.typ"
inputs = []
main = "file:cuadernos/Historia/China/H-China.typ"
root = "file:."
system-fonts = true

[[route]]
id = "file:cuadernos/Arquitectura/Arquitectura/Arq-Arquitectura.typ"
priority = 256

[[route]]
id = "file:cuadernos/Biologia/Biofisica/Bio-Biofisica.typ"
priority = 256

[[route]]
id = "file:cuadernos/Biologia/Biologia_Celular_Molecular/Bio-Biologia_Celular_Molecular.typ"
priority = 256

[[route]]
id = "file:cuadernos/Biologia/Microbiologia/Bio-Microbiologia.typ"
priority = 256

[[route]]
id = "file:cuadernos/Biologia/Neurociencia/Bio-Neurociencia.typ"
priority = 256

[[route]]
id = "file:cuadernos/Biologia/Virologia/Bio-Virologia.typ"
priority = 256

[[route]]
id = "file:cuadernos/Economia/Econofisica/E-Econofisica.typ"
priority = 256

[[route]]
id = "file:cuadernos/Economia/Planificacion/E-Planificacion.typ"
priority = 256

[[route]]
id = "file:cuadernos/Filosofia/Ciencia/Fil-Ciencia.typ"
priority = 256

[[route]]
id = "file:cuadernos/Filosofia/Etica/Fil-Etica.typ"
priority = 256

[[route]]
id = "file:cuadernos/Filosofia/Politica/Fil-Politica.typ"
priority = 256

[[route]]
id = "file:cuadernos/Filosofia/Teologia/Fil-Teologia.typ"
priority = 256

[[route]]
id = "file:cuadernos/Fisica/Astrofisica/Fis-Astrofisica.typ"
priority = 256

[[route]]
id = "file:cuadernos/Fisica/Atomica_Molecular/Fis-Atomica.typ"
priority = 256

[[route]]
id = "file:cuadernos/Fisica/Fisica_Cuantica/Fis-Cuantica.typ"
priority = 256

[[route]]
id = "file:cuadernos/Fisica/Detectores_Particulas/Fis-DetectoresParticulas.typ"
priority = 256

[[route]]
id = "file:cuadernos/Fisica/Electrodinamica/Fis-Electrodinamica.typ"
priority = 256

[[route]]
id = "file:cuadernos/Fisica/Estado_Solido/Fis-Estado_Solido.typ"
priority = 256

[[route]]
id = "file:cuadernos/Fisica/Fisica_Medica/Fis-Fisica_Medica.typ"
priority = 256

[[route]]
id = "file:cuadernos/Fisica/Fisica_Particulas/Fis-Fisica_Particulas.typ"
priority = 256

[[route]]
id = "file:cuadernos/Fisica/Fisica_Plasma/Fis-FisicaPlasma.typ"
priority = 256

[[route]]
id = "file:cuadernos/Fisica/Fisica_Fluidos/Fis-Fluidos.typ"
priority = 256

[[route]]
id = "file:cuadernos/Fisica/Gravitacion/Fis-Gravitacion.typ"
priority = 256

[[route]]
id = "file:cuadernos/Fisica/Laser/Fis-Laser.typ"
priority = 256

[[route]]
id = "file:cuadernos/Fisica/Mecanica_Clasica/Fis-Mecanica_Clasica.typ"
priority = 256

[[route]]
id = "file:cuadernos/Fisica/Fisica_Nuclear/Fis-Nuclear.typ"
priority = 256

[[route]]
id = "file:cuadernos/Fisica/Optica/Fis-Optica.typ"
priority = 256

[[route]]
id = "file:cuadernos/Fisica/Semiconductores/Fis-Semiconductores.typ"
priority = 256

[[route]]
id = "file:cuadernos/Fisica/Termodinamica/Fis-Termodinamica.typ"
priority = 256

[[route]]
id = "file:cuadernos/Geografia/Geografia/Geo-Geografia.typ"
priority = 256

[[task]]
document = "file:cuadernos/Arquitectura/Arquitectura/Arq-Arquitectura.typ"
id = "file:cuadernos/Arquitectura/Arquitectura/Arq-Arquitectura.typ"
output = "pdf/Arq-Arquitectura"
type = "export-pdf"
when = "never"

[[task]]
document = "file:cuadernos/Biologia/Biofisica/Bio-Biofisica.typ"
id = "file:cuadernos/Biologia/Biofisica/Bio-Biofisica.typ"
output = "pdf/Bio-Biofisica"
type = "export-pdf"
when = "never"

[[task]]
document = "file:cuadernos/Biologia/Biologia_Celular_Molecular/Bio-Biologia_Celular_Molecular.typ"
id = "file:cuadernos/Biologia/Biologia_Celular_Molecular/Bio-Biologia_Celular_Molecular.typ"
output = "pdf/Bio-Biologia_Celular_Molecular"
type = "export-pdf"
when = "never"

[[task]]
document = "file:cuadernos/Biologia/Microbiologia/Bio-Microbiologia.typ"
id = "file:cuadernos/Biologia/Microbiologia/Bio-Microbiologia.typ"
output = "pdf/Bio-Microbiologia"
type = "export-pdf"
when = "never"

[[task]]
document = "file:cuadernos/Biologia/Neurociencia/Bio-Neurociencia.typ"
id = "file:cuadernos/Biologia/Neurociencia/Bio-Neurociencia.typ"
output = "pdf/Bio-Neurociencia"
type = "export-pdf"
when = "never"

[[task]]
document = "file:cuadernos/Biologia/Virologia/Bio-Virologia.typ"
id = "file:cuadernos/Biologia/Virologia/Bio-Virologia.typ"
output = "pdf/Bio-Virologia"
type = "export-pdf"
when = "never"

[[task]]
document = "file:cuadernos/Economia/Econofisica/E-Econofisica.typ"
id = "file:cuadernos/Economia/Econofisica/E-Econofisica.typ"
output = "pdf/E-Econofisica"
type = "export-pdf"
when = "never"

[[task]]
document = "file:cuadernos/Economia/Planificacion/E-Planificacion.typ"
id = "file:cuadernos/Economia/Planificacion/E-Planificacion.typ"
output = "pdf/E-Planificacion"
type = "export-pdf"
when = "never"

[[task]]
document = "file:cuadernos/Filosofia/Ciencia/Fil-Ciencia.typ"
id = "file:cuadernos/Filosofia/Ciencia/Fil-Ciencia.typ"
output = "pdf/Fil-Ciencia"
type = "export-pdf"
when = "never"

[[task]]
document = "file:cuadernos/Filosofia/Etica/Fil-Etica.typ"
id = "file:cuadernos/Filosofia/Etica/Fil-Etica.typ"
output = "pdf/Fil-Etica"
type = "export-pdf"
when = "never"

[[task]]
document = "file:cuadernos/Filosofia/Politica/Fil-Politica.typ"
id = "file:cuadernos/Filosofia/Politica/Fil-Politica.typ"
output = "pdf/Fil-Politica"
type = "export-pdf"
when = "never"

[[task]]
document = "file:cuadernos/Filosofia/Teologia/Fil-Teologia.typ"
id = "file:cuadernos/Filosofia/Teologia/Fil-Teologia.typ"
output = "pdf/Fil-Teologia"
type = "export-pdf"
when = "never"

[[task]]
document = "file:cuadernos/Fisica/Astrofisica/Fis-Astrofisica.typ"
id = "file:cuadernos/Fisica/Astrofisica/Fis-Astrofisica.typ"
output = "pdf/Fis-Astrofisica"
type = "export-pdf"
when = "never"

[[task]]
document = "file:cuadernos/Fisica/Atomica_Molecular/Fis-Atomica.typ"
id = "file:cuadernos/Fisica/Atomica_Molecular/Fis-Atomica.typ"
output = "pdf/Fis-Atomica"
type = "export-pdf"
when = "never"

[[task]]
document = "file:cuadernos/Fisica/Detectores_Particulas/Fis-DetectoresParticulas.typ"
id = "file:cuadernos/Fisica/Detectores_Particulas/Fis-DetectoresParticulas.typ"
output = "pdf/Fis-DetectoresParticulas"
type = "export-pdf"
when = "never"

[[task]]
document = "file:cuadernos/Fisica/Electrodinamica/Fis-Electrodinamica.typ"
id = "file:cuadernos/Fisica/Electrodinamica/Fis-Electrodinamica.typ"
output = "pdf/Fis-Electrodinamica"
type = "export-pdf"
when = "never"

[[task]]
document = "file:cuadernos/Fisica/Estado_Solido/Fis-Estado_Solido.typ"
id = "file:cuadernos/Fisica/Estado_Solido/Fis-Estado_Solido.typ"
output = "pdf/Fis-Estado_Solido"
type = "export-pdf"
when = "never"

[[task]]
document = "file:cuadernos/Fisica/Fisica_Cuantica/Fis-Cuantica.typ"
id = "file:cuadernos/Fisica/Fisica_Cuantica/Fis-Cuantica.typ"
output = "pdf/Fis-Cuantica"
type = "export-pdf"
when = "never"

[[task]]
document = "file:cuadernos/Fisica/Fisica_Fluidos/Fis-Fluidos.typ"
id = "file:cuadernos/Fisica/Fisica_Fluidos/Fis-Fluidos.typ"
output = "pdf/Fis-Fluidos"
type = "export-pdf"
when = "never"

[[task]]
document = "file:cuadernos/Fisica/Fisica_Medica/Fis-Fisica_Medica.typ"
id = "file:cuadernos/Fisica/Fisica_Medica/Fis-Fisica_Medica.typ"
output = "pdf/Fis-Fisica_Medica"
type = "export-pdf"
when = "never"

[[task]]
document = "file:cuadernos/Fisica/Fisica_Nuclear/Fis-Nuclear.typ"
id = "file:cuadernos/Fisica/Fisica_Nuclear/Fis-Nuclear.typ"
output = "pdf/Fis-Nuclear"
type = "export-pdf"
when = "never"

[[task]]
document = "file:cuadernos/Fisica/Fisica_Particulas/Fis-Fisica_Particulas.typ"
id = "file:cuadernos/Fisica/Fisica_Particulas/Fis-Fisica_Particulas.typ"
output = "pdf/Fis-Fisica_Particulas"
type = "export-pdf"
when = "never"

[[task]]
document = "file:cuadernos/Fisica/Fisica_Plasma/Fis-FisicaPlasma.typ"
id = "file:cuadernos/Fisica/Fisica_Plasma/Fis-FisicaPlasma.typ"
output = "pdf/Fis-FisicaPlasma"
type = "export-pdf"
when = "never"

[[task]]
document = "file:cuadernos/Fisica/Gravitacion/Fis-Gravitacion.typ"
id = "file:cuadernos/Fisica/Gravitacion/Fis-Gravitacion.typ"
output = "pdf/Fis-Gravitacion"
type = "export-pdf"
when = "never"

[[task]]
document = "file:cuadernos/Fisica/Laser/Fis-Laser.typ"
id = "file:cuadernos/Fisica/Laser/Fis-Laser.typ"
output = "pdf/Fis-Laser"
type = "export-pdf"
when = "never"

[[task]]
document = "file:cuadernos/Fisica/Mecanica_Clasica/Fis-Mecanica_Clasica.typ"
id = "file:cuadernos/Fisica/Mecanica_Clasica/Fis-Mecanica_Clasica.typ"
output = "pdf/Fis-Mecanica_Clasica"
type = "export-pdf"
when = "never"

[[task]]
document = "file:cuadernos/Fisica/Optica/Fis-Optica.typ"
id = "file:cuadernos/Fisica/Optica/Fis-Optica.typ"
output = "pdf/Fis-Optica"
type = "export-pdf"
when = "never"

[[task]]
document = "file:cuadernos/Fisica/Semiconductores/Fis-Semiconductores.typ"
id = "file:cuadernos/Fisica/Semiconductores/Fis-Semiconductores.typ"
output = "pdf/Fis-Semiconductores"
type = "export-pdf"
when = "never"

[[task]]
document = "file:cuadernos/Fisica/Termodinamica/Fis-Termodinamica.typ"
id = "file:cuadernos/Fisica/Termodinamica/Fis-Termodinamica.typ"
output = "pdf/Fis-Termodinamica"
type = "export-pdf"
when = "never"

[[task]]
document = "file:cuadernos/Geografia/Geografia/Geo-Geografia.typ"
id = "file:cuadernos/Geografia/Geografia/Geo-Geografia.typ"
output = "pdf/Geo-Geografia"
type = "export-pdf"
when = "never"

[[task]]
document = "file:cuadernos/Historia/China/H-China.typ"
id = "file:cuadernos/Historia/China/H-China.typ"
output = "pdf/H-China"
type = "export-pdf"
when = "never"
