# This file is automatically @generated by tinymist.
# It is not intended for manual editing.
version = "0.1.0-beta0"

[[document]]
id = "file:cuadernos/Economia/Econofisica/E-Econofisica.typ"
inputs = []
main = "file:cuadernos/Economia/Econofisica/E-Econofisica.typ"
root = "file:."
system-fonts = true

[[document]]
id = "file:cuadernos/Filosofia/Politica/Fil-Politica.typ"
inputs = []
main = "file:cuadernos/Filosofia/Politica/Fil-Politica.typ"
root = "file:."
system-fonts = true

[[document]]
id = "file:cuadernos/Fisica/Astrofisica/F-Astrofisica.typ"
inputs = []
main = "file:cuadernos/Fisica/Astrofisica/F-Astrofisica.typ"
root = "file:."
system-fonts = true

[[document]]
id = "file:cuadernos/Fisica/Atomica_Molecular/F-Atomica.typ"
inputs = []
main = "file:cuadernos/Fisica/Atomica_Molecular/F-Atomica.typ"
root = "file:."
system-fonts = true

[[document]]
id = "file:cuadernos/Fisica/Detectores_Particulas/F-DetectoresParticulas.typ"
inputs = []
main = "file:cuadernos/Fisica/Detectores_Particulas/F-DetectoresParticulas.typ"
root = "file:."
system-fonts = true

[[document]]
id = "file:cuadernos/Fisica/Electrodinamica/F-Electrodinamica.typ"
inputs = []
main = "file:cuadernos/Fisica/Electrodinamica/F-Electrodinamica.typ"
root = "file:."
system-fonts = true

[[document]]
id = "file:cuadernos/Fisica/Estado_Solido/F-Estado_Solido.typ"
inputs = []
main = "file:cuadernos/Fisica/Estado_Solido/F-Estado_Solido.typ"
root = "file:."
system-fonts = true

[[document]]
id = "file:cuadernos/Fisica/Fisica_Cuantica/F-Cuantica.typ"
inputs = []
main = "file:cuadernos/Fisica/Fisica_Cuantica/F-Cuantica.typ"
root = "file:."
system-fonts = true

[[document]]
id = "file:cuadernos/Fisica/Fisica_Fluidos/F-Fluidos.typ"
inputs = []
main = "file:cuadernos/Fisica/Fisica_Fluidos/F-Fluidos.typ"
root = "file:."
system-fonts = true

[[document]]
id = "file:cuadernos/Fisica/Fisica_Nuclear/F-Nuclear.typ"
inputs = []
main = "file:cuadernos/Fisica/Fisica_Nuclear/F-Nuclear.typ"
root = "file:."
system-fonts = true

[[document]]
id = "file:cuadernos/Fisica/Fisica_Particulas/F-Fisica_Particulas.typ"
inputs = []
main = "file:cuadernos/Fisica/Fisica_Particulas/F-Fisica_Particulas.typ"
root = "file:."
system-fonts = true

[[document]]
id = "file:cuadernos/Fisica/Fisica_Plasma/F-FisicaPlasma.typ"
inputs = []
main = "file:cuadernos/Fisica/Fisica_Plasma/F-FisicaPlasma.typ"
root = "file:."
system-fonts = true

[[document]]
id = "file:cuadernos/Fisica/Gravitacion/F-Gravitacion.typ"
inputs = []
main = "file:cuadernos/Fisica/Gravitacion/F-Gravitacion.typ"
root = "file:."
system-fonts = true

[[document]]
id = "file:cuadernos/Fisica/Laser/F-Laser.typ"
inputs = []
main = "file:cuadernos/Fisica/Laser/F-Laser.typ"
root = "file:."
system-fonts = true

[[document]]
id = "file:cuadernos/Fisica/Mecanica_Clasica/F-Mecanica_Clasica.typ"
inputs = []
main = "file:cuadernos/Fisica/Mecanica_Clasica/F-Mecanica_Clasica.typ"
root = "file:."
system-fonts = true

[[document]]
id = "file:cuadernos/Fisica/Optica/F-Optica.typ"
inputs = []
main = "file:cuadernos/Fisica/Optica/F-Optica.typ"
root = "file:."
system-fonts = true

[[document]]
id = "file:cuadernos/Fisica/Semiconductores/F-Semiconductores.typ"
inputs = []
main = "file:cuadernos/Fisica/Semiconductores/F-Semiconductores.typ"
root = "file:."
system-fonts = true

[[document]]
id = "file:cuadernos/Fisica/Termodinamica/F-Termodinamica.typ"
inputs = []
main = "file:cuadernos/Fisica/Termodinamica/F-Termodinamica.typ"
root = "file:."
system-fonts = true

[[document]]
id = "file:cuadernos/Historia/Roma/H-Roma.typ"
inputs = []
main = "file:cuadernos/Historia/Roma/H-Roma.typ"
root = "file:."
system-fonts = true

[[document]]
id = "file:cuadernos/Ingenieria/Aeroespacial/I-Aeroespacial.typ"
inputs = []
main = "file:cuadernos/Ingenieria/Aeroespacial/I-Aeroespacial.typ"
root = "file:."
system-fonts = true

[[document]]
id = "file:cuadernos/Ingenieria/Automocion/I-Automocion.typ"
inputs = []
main = "file:cuadernos/Ingenieria/Automocion/I-Automocion.typ"
root = "file:."
system-fonts = true

[[document]]
id = "file:cuadernos/Ingenieria/Biomedica/I-Biomedica.typ"
inputs = []
main = "file:cuadernos/Ingenieria/Biomedica/I-Biomedica.typ"
root = "file:."
system-fonts = true

[[document]]
id = "file:cuadernos/Ingenieria/Biotecnologia/I-Biotecnologia.typ"
inputs = []
main = "file:cuadernos/Ingenieria/Biotecnologia/I-Biotecnologia.typ"
root = "file:."
system-fonts = true

[[document]]
id = "file:cuadernos/Ingenieria/Electrica/I-Electrica.typ"
inputs = []
main = "file:cuadernos/Ingenieria/Electrica/I-Electrica.typ"
root = "file:."
system-fonts = true

[[document]]
id = "file:cuadernos/Ingenieria/Electronica/I-Electronica.typ"
inputs = []
main = "file:cuadernos/Ingenieria/Electronica/I-Electronica.typ"
root = "file:."
system-fonts = true

[[document]]
id = "file:cuadernos/Ingenieria/Energetica/I-Energetica.typ"
inputs = []
main = "file:cuadernos/Ingenieria/Energetica/I-Energetica.typ"
root = "file:."
system-fonts = true

[[document]]
id = "file:cuadernos/Ingenieria/Mecanica/I-Mecanica.typ"
inputs = []
main = "file:cuadernos/Ingenieria/Mecanica/I-Mecanica.typ"
root = "file:."
system-fonts = true

[[document]]
id = "file:cuadernos/Ingenieria/Militar/I-Militar.typ"
inputs = []
main = "file:cuadernos/Ingenieria/Militar/I-Militar.typ"
root = "file:."
system-fonts = true

[[document]]
id = "file:cuadernos/Ingenieria/Minas/I-Minas.typ"
inputs = []
main = "file:cuadernos/Ingenieria/Minas/I-Minas.typ"
root = "file:."
system-fonts = true

[[document]]
id = "file:cuadernos/Ingenieria/Naval/I-Naval.typ"
inputs = []
main = "file:cuadernos/Ingenieria/Naval/I-Naval.typ"
root = "file:."
system-fonts = true

[[document]]
id = "file:cuadernos/Ingenieria/Sensores_Instrumentacion/I-Sensores.typ"
inputs = []
main = "file:cuadernos/Ingenieria/Sensores_Instrumentacion/I-Sensores.typ"
root = "file:."
system-fonts = true

[[document]]
id = "file:cuadernos/Ingenieria/Telecomunicaciones/I-Teleco.typ"
inputs = []
main = "file:cuadernos/Ingenieria/Telecomunicaciones/I-Teleco.typ"
root = "file:."
system-fonts = true

[[document]]
id = "file:cuadernos/Literatura/Heroes/L-Heroes.typ"
inputs = []
main = "file:cuadernos/Literatura/Heroes/L-Heroes.typ"
root = "file:."
system-fonts = true

[[document]]
id = "file:cuadernos/Matematicas/Geometria_Diferencial/M-Geometria_Diferencial.typ"
inputs = []
main = "file:cuadernos/Matematicas/Geometria_Diferencial/M-Geometria_Diferencial.typ"
root = "file:."
system-fonts = true

[[document]]
id = "file:cuadernos/Matematicas/Teoria_Grupos/M-Teoria_Grupos.typ"
inputs = []
main = "file:cuadernos/Matematicas/Teoria_Grupos/M-Teoria_Grupos.typ"
root = "file:."
system-fonts = true

[[document]]
id = "file:cuadernos/Politica/Cibercomunismo/P-Cibercomunismo.typ"
inputs = []
main = "file:cuadernos/Politica/Cibercomunismo/P-Cibercomunismo.typ"
root = "file:."
system-fonts = true

[[document]]
id = "file:cuadernos/Politica/Paniberismo/P-Paniberismo.typ"
inputs = []
main = "file:cuadernos/Politica/Paniberismo/P-Paniberismo.typ"
root = "file:."
system-fonts = true

[[document]]
id = "file:cuadernos/Quimica/Ingenieria_Quimica/Q-Ingenieria_Quimica.typ"
inputs = []
main = "file:cuadernos/Quimica/Ingenieria_Quimica/Q-Ingenieria_Quimica.typ"
root = "file:."
system-fonts = true

[[document]]
id = "file:cuadernos/Sociales/Sociofisica/U-Sociofisica.typ"
inputs = []
main = "file:cuadernos/Sociales/Sociofisica/U-Sociofisica.typ"
root = "file:."
system-fonts = true

[[route]]
id = "file:cuadernos/Economia/Econofisica/E-Econofisica.typ"
priority = 256

[[route]]
id = "file:cuadernos/Fisica/Mecanica_Clasica/F-Mecanica_Clasica.typ"
priority = 256

[[route]]
id = "file:cuadernos/Fisica/Electrodinamica/F-Electrodinamica.typ"
priority = 256

[[route]]
id = "file:cuadernos/Fisica/Termodinamica/F-Termodinamica.typ"
priority = 256

[[route]]
id = "file:cuadernos/Fisica/Fisica_Cuantica/F-Cuantica.typ"
priority = 256

[[route]]
id = "file:cuadernos/Fisica/Atomica_Molecular/F-Atomica.typ"
priority = 256

[[route]]
id = "file:cuadernos/Fisica/Estado_Solido/F-Estado_Solido.typ"
priority = 256

[[route]]
id = "file:cuadernos/Fisica/Fisica_Nuclear/F-Nuclear.typ"
priority = 256

[[route]]
id = "file:cuadernos/Fisica/Fisica_Particulas/F-Fisica_Particulas.typ"
priority = 256

[[route]]
id = "file:cuadernos/Fisica/Gravitacion/F-Gravitacion.typ"
priority = 256

[[route]]
id = "file:cuadernos/Fisica/Astrofisica/F-Astrofisica.typ"
priority = 256

[[route]]
id = "file:cuadernos/Fisica/Fisica_Fluidos/F-Fluidos.typ"
priority = 256

[[route]]
id = "file:cuadernos/Fisica/Detectores_Particulas/F-DetectoresParticulas.typ"
priority = 256

[[route]]
id = "file:cuadernos/Fisica/Fisica_Plasma/F-FisicaPlasma.typ"
priority = 256

[[route]]
id = "file:cuadernos/Fisica/Optica/F-Optica.typ"
priority = 256

[[route]]
id = "file:cuadernos/Fisica/Laser/F-Laser.typ"
priority = 256

[[route]]
id = "file:cuadernos/Fisica/Semiconductores/F-Semiconductores.typ"
priority = 256

[[route]]
id = "file:cuadernos/Filosofia/Politica/Fil-Politica.typ"
priority = 256

[[route]]
id = "file:cuadernos/Historia/Roma/H-Roma.typ"
priority = 256

[[route]]
id = "file:cuadernos/Ingenieria/Mecanica/I-Mecanica.typ"
priority = 256

[[route]]
id = "file:cuadernos/Ingenieria/Electrica/I-Electrica.typ"
priority = 256

[[route]]
id = "file:cuadernos/Ingenieria/Electronica/I-Electronica.typ"
priority = 256

[[route]]
id = "file:cuadernos/Ingenieria/Sensores_Instrumentacion/I-Sensores.typ"
priority = 256

[[route]]
id = "file:cuadernos/Ingenieria/Telecomunicaciones/I-Teleco.typ"
priority = 256

[[route]]
id = "file:cuadernos/Ingenieria/Aeroespacial/I-Aeroespacial.typ"
priority = 256

[[route]]
id = "file:cuadernos/Ingenieria/Automocion/I-Automocion.typ"
priority = 256

[[route]]
id = "file:cuadernos/Ingenieria/Naval/I-Naval.typ"
priority = 256

[[route]]
id = "file:cuadernos/Ingenieria/Energetica/I-Energetica.typ"
priority = 256

[[route]]
id = "file:cuadernos/Ingenieria/Minas/I-Minas.typ"
priority = 256

[[route]]
id = "file:cuadernos/Ingenieria/Biomedica/I-Biomedica.typ"
priority = 256

[[route]]
id = "file:cuadernos/Ingenieria/Biotecnologia/I-Biotecnologia.typ"
priority = 256

[[route]]
id = "file:cuadernos/Ingenieria/Militar/I-Militar.typ"
priority = 256

[[route]]
id = "file:cuadernos/Literatura/Heroes/L-Heroes.typ"
priority = 256

[[route]]
id = "file:cuadernos/Matematicas/Teoria_Grupos/M-Teoria_Grupos.typ"
priority = 256

[[route]]
id = "file:cuadernos/Matematicas/Geometria_Diferencial/M-Geometria_Diferencial.typ"
priority = 256

[[route]]
id = "file:cuadernos/Politica/Paniberismo/P-Paniberismo.typ"
priority = 256

[[route]]
id = "file:cuadernos/Politica/Cibercomunismo/P-Cibercomunismo.typ"
priority = 256

[[route]]
id = "file:cuadernos/Quimica/Ingenieria_Quimica/Q-Ingenieria_Quimica.typ"
priority = 256

[[route]]
id = "file:cuadernos/Sociales/Sociofisica/U-Sociofisica.typ"
priority = 256

[[task]]
document = "file:cuadernos/Economia/Econofisica/E-Econofisica.typ"
id = "file:cuadernos/Economia/Econofisica/E-Econofisica.typ"
output = "pdf/E-Econofisica"
type = "export-pdf"
when = "never"

[[task]]
document = "file:cuadernos/Filosofia/Politica/Fil-Politica.typ"
id = "file:cuadernos/Filosofia/Politica/Fil-Politica.typ"
output = "pdf/Fil-Politica"
type = "export-pdf"
when = "never"

[[task]]
document = "file:cuadernos/Fisica/Astrofisica/F-Astrofisica.typ"
id = "file:cuadernos/Fisica/Astrofisica/F-Astrofisica.typ"
output = "pdf/F-Astrofisica"
type = "export-pdf"
when = "never"

[[task]]
document = "file:cuadernos/Fisica/Atomica_Molecular/F-Atomica.typ"
id = "file:cuadernos/Fisica/Atomica_Molecular/F-Atomica.typ"
output = "pdf/F-Atomica"
type = "export-pdf"
when = "never"

[[task]]
document = "file:cuadernos/Fisica/Detectores_Particulas/F-DetectoresParticulas.typ"
id = "file:cuadernos/Fisica/Detectores_Particulas/F-DetectoresParticulas.typ"
output = "pdf/F-DetectoresParticulas"
type = "export-pdf"
when = "never"

[[task]]
document = "file:cuadernos/Fisica/Electrodinamica/F-Electrodinamica.typ"
id = "file:cuadernos/Fisica/Electrodinamica/F-Electrodinamica.typ"
output = "pdf/F-Electrodinamica"
type = "export-pdf"
when = "never"

[[task]]
document = "file:cuadernos/Fisica/Estado_Solido/F-Estado_Solido.typ"
id = "file:cuadernos/Fisica/Estado_Solido/F-Estado_Solido.typ"
output = "pdf/F-Estado_Solido"
type = "export-pdf"
when = "never"

[[task]]
document = "file:cuadernos/Fisica/Fisica_Cuantica/F-Cuantica.typ"
id = "file:cuadernos/Fisica/Fisica_Cuantica/F-Cuantica.typ"
output = "pdf/F-Cuantica"
type = "export-pdf"
when = "never"

[[task]]
document = "file:cuadernos/Fisica/Fisica_Fluidos/F-Fluidos.typ"
id = "file:cuadernos/Fisica/Fisica_Fluidos/F-Fluidos.typ"
output = "pdf/F-Fluidos"
type = "export-pdf"
when = "never"

[[task]]
document = "file:cuadernos/Fisica/Fisica_Nuclear/F-Nuclear.typ"
id = "file:cuadernos/Fisica/Fisica_Nuclear/F-Nuclear.typ"
output = "pdf/F-Nuclear"
type = "export-pdf"
when = "never"

[[task]]
document = "file:cuadernos/Fisica/Fisica_Particulas/F-Fisica_Particulas.typ"
id = "file:cuadernos/Fisica/Fisica_Particulas/F-Fisica_Particulas.typ"
output = "pdf/F-Fisica_Particulas"
type = "export-pdf"
when = "never"

[[task]]
document = "file:cuadernos/Fisica/Fisica_Plasma/F-FisicaPlasma.typ"
id = "file:cuadernos/Fisica/Fisica_Plasma/F-FisicaPlasma.typ"
output = "pdf/F-FisicaPlasma"
type = "export-pdf"
when = "never"

[[task]]
document = "file:cuadernos/Fisica/Gravitacion/F-Gravitacion.typ"
id = "file:cuadernos/Fisica/Gravitacion/F-Gravitacion.typ"
output = "pdf/F-Gravitacion"
type = "export-pdf"
when = "never"

[[task]]
document = "file:cuadernos/Fisica/Laser/F-Laser.typ"
id = "file:cuadernos/Fisica/Laser/F-Laser.typ"
output = "pdf/F-Laser"
type = "export-pdf"
when = "never"

[[task]]
document = "file:cuadernos/Fisica/Mecanica_Clasica/F-Mecanica_Clasica.typ"
id = "file:cuadernos/Fisica/Mecanica_Clasica/F-Mecanica_Clasica.typ"
output = "pdf/F-Mecanica_Clasica"
type = "export-pdf"
when = "never"

[[task]]
document = "file:cuadernos/Fisica/Optica/F-Optica.typ"
id = "file:cuadernos/Fisica/Optica/F-Optica.typ"
output = "pdf/F-Optica"
type = "export-pdf"
when = "never"

[[task]]
document = "file:cuadernos/Fisica/Semiconductores/F-Semiconductores.typ"
id = "file:cuadernos/Fisica/Semiconductores/F-Semiconductores.typ"
output = "pdf/F-Semiconductores"
type = "export-pdf"
when = "never"

[[task]]
document = "file:cuadernos/Fisica/Termodinamica/F-Termodinamica.typ"
id = "file:cuadernos/Fisica/Termodinamica/F-Termodinamica.typ"
output = "pdf/F-Termodinamica"
type = "export-pdf"
when = "never"

[[task]]
document = "file:cuadernos/Historia/Roma/H-Roma.typ"
id = "file:cuadernos/Historia/Roma/H-Roma.typ"
output = "pdf/H-Roma"
type = "export-pdf"
when = "never"

[[task]]
document = "file:cuadernos/Ingenieria/Aeroespacial/I-Aeroespacial.typ"
id = "file:cuadernos/Ingenieria/Aeroespacial/I-Aeroespacial.typ"
output = "pdf/I-Aeroespacial"
type = "export-pdf"
when = "never"

[[task]]
document = "file:cuadernos/Ingenieria/Automocion/I-Automocion.typ"
id = "file:cuadernos/Ingenieria/Automocion/I-Automocion.typ"
output = "pdf/I-Automocion"
type = "export-pdf"
when = "never"

[[task]]
document = "file:cuadernos/Ingenieria/Biomedica/I-Biomedica.typ"
id = "file:cuadernos/Ingenieria/Biomedica/I-Biomedica.typ"
output = "pdf/I-Biomedica"
type = "export-pdf"
when = "never"

[[task]]
document = "file:cuadernos/Ingenieria/Biotecnologia/I-Biotecnologia.typ"
id = "file:cuadernos/Ingenieria/Biotecnologia/I-Biotecnologia.typ"
output = "pdf/I-Biotecnologia"
type = "export-pdf"
when = "never"

[[task]]
document = "file:cuadernos/Ingenieria/Electrica/I-Electrica.typ"
id = "file:cuadernos/Ingenieria/Electrica/I-Electrica.typ"
output = "pdf/I-Electrica"
type = "export-pdf"
when = "never"

[[task]]
document = "file:cuadernos/Ingenieria/Electronica/I-Electronica.typ"
id = "file:cuadernos/Ingenieria/Electronica/I-Electronica.typ"
output = "pdf/I-Electronica"
type = "export-pdf"
when = "never"

[[task]]
document = "file:cuadernos/Ingenieria/Energetica/I-Energetica.typ"
id = "file:cuadernos/Ingenieria/Energetica/I-Energetica.typ"
output = "pdf/I-Energetica"
type = "export-pdf"
when = "never"

[[task]]
document = "file:cuadernos/Ingenieria/Mecanica/I-Mecanica.typ"
id = "file:cuadernos/Ingenieria/Mecanica/I-Mecanica.typ"
output = "pdf/I-Mecanica"
type = "export-pdf"
when = "never"

[[task]]
document = "file:cuadernos/Ingenieria/Militar/I-Militar.typ"
id = "file:cuadernos/Ingenieria/Militar/I-Militar.typ"
output = "pdf/I-Militar"
type = "export-pdf"
when = "never"

[[task]]
document = "file:cuadernos/Ingenieria/Minas/I-Minas.typ"
id = "file:cuadernos/Ingenieria/Minas/I-Minas.typ"
output = "pdf/I-Minas"
type = "export-pdf"
when = "never"

[[task]]
document = "file:cuadernos/Ingenieria/Naval/I-Naval.typ"
id = "file:cuadernos/Ingenieria/Naval/I-Naval.typ"
output = "pdf/I-Naval"
type = "export-pdf"
when = "never"

[[task]]
document = "file:cuadernos/Ingenieria/Sensores_Instrumentacion/I-Sensores.typ"
id = "file:cuadernos/Ingenieria/Sensores_Instrumentacion/I-Sensores.typ"
output = "pdf/I-Sensores"
type = "export-pdf"
when = "never"

[[task]]
document = "file:cuadernos/Ingenieria/Telecomunicaciones/I-Teleco.typ"
id = "file:cuadernos/Ingenieria/Telecomunicaciones/I-Teleco.typ"
output = "pdf/I-Teleco"
type = "export-pdf"
when = "never"

[[task]]
document = "file:cuadernos/Literatura/Heroes/L-Heroes.typ"
id = "file:cuadernos/Literatura/Heroes/L-Heroes.typ"
output = "pdf/L-Heroes"
type = "export-pdf"
when = "never"

[[task]]
document = "file:cuadernos/Matematicas/Geometria_Diferencial/M-Geometria_Diferencial.typ"
id = "file:cuadernos/Matematicas/Geometria_Diferencial/M-Geometria_Diferencial.typ"
output = "pdf/M-Geometria_Diferencial"
type = "export-pdf"
when = "never"

[[task]]
document = "file:cuadernos/Matematicas/Teoria_Grupos/M-Teoria_Grupos.typ"
id = "file:cuadernos/Matematicas/Teoria_Grupos/M-Teoria_Grupos.typ"
output = "pdf/M-Teoria_Grupos"
type = "export-pdf"
when = "never"

[[task]]
document = "file:cuadernos/Politica/Cibercomunismo/P-Cibercomunismo.typ"
id = "file:cuadernos/Politica/Cibercomunismo/P-Cibercomunismo.typ"
output = "pdf/P-Cibercomunismo"
type = "export-pdf"
when = "never"

[[task]]
document = "file:cuadernos/Politica/Paniberismo/P-Paniberismo.typ"
id = "file:cuadernos/Politica/Paniberismo/P-Paniberismo.typ"
output = "pdf/P-Paniberismo"
type = "export-pdf"
when = "never"

[[task]]
document = "file:cuadernos/Quimica/Ingenieria_Quimica/Q-Ingenieria_Quimica.typ"
id = "file:cuadernos/Quimica/Ingenieria_Quimica/Q-Ingenieria_Quimica.typ"
output = "pdf/Q-Ingenieria_Quimica"
type = "export-pdf"
when = "never"

[[task]]
document = "file:cuadernos/Sociales/Sociofisica/U-Sociofisica.typ"
id = "file:cuadernos/Sociales/Sociofisica/U-Sociofisica.typ"
output = "pdf/U-Sociofisica"
type = "export-pdf"
when = "never"
